
Microsoft Visual Studio Solution File, Format Version 12.00
# Visual Studio 15
VisualStudioVersion = 15.0.27130.2024
MinimumVisualStudioVersion = 10.0.40219.1
Project("{FAE04EC0-301F-11D3-BF4B-00C04F79EFBC}") = "Manager", "Manager\Manager.csproj", "{6C98A635-BAB4-4A78-A8D6-676D81331BF0}"
EndProject
Global
	GlobalSection(SolutionConfigurationPlatforms) = preSolution
		Debug|Any CPU = Debug|Any CPU
		Release|Any CPU = Release|Any CPU
	EndGlobalSection
	GlobalSection(ProjectConfigurationPlatforms) = postSolution
		{6C98A635-BAB4-4A78-A8D6-676D81331BF0}.Debug|Any CPU.ActiveCfg = Debug|Any CPU
		{6C98A635-BAB4-4A78-A8D6-676D81331BF0}.Debug|Any CPU.Build.0 = Debug|Any CPU
		{6C98A635-BAB4-4A78-A8D6-676D81331BF0}.Release|Any CPU.ActiveCfg = Release|Any CPU
		{6C98A635-BAB4-4A78-A8D6-676D81331BF0}.Release|Any CPU.Build.0 = Release|Any CPU
	EndGlobalSection
	GlobalSection(SolutionProperties) = preSolution
		HideSolutionNode = FALSE
	EndGlobalSection
	GlobalSection(ExtensibilityGlobals) = postSolution
		SolutionGuid = {D800B3D2-04C0-4DC6-81CB-04D4D499F4C0}
	EndGlobalSection
EndGlobal
